
Microsoft Visual Studio Solution File, Format Version 12.00
# Visual Studio 15
VisualStudioVersion = 15.0.28010.2046
MinimumVisualStudioVersion = 10.0.40219.1
Project("{9A19103F-16F7-4668-BE54-9A1E7A4F7556}") = "Study.BinaryTree", "Study.BinaryTree\Study.BinaryTree.csproj", "{1EB49DB8-87BF-42FF-AA6E-B5E4C2CA8909}"
EndProject
Project("{FAE04EC0-301F-11D3-BF4B-00C04F79EFBC}") = "Study.TreeTesting", "Study.TreeTesting\Study.TreeTesting.csproj", "{1BBB7958-601D-4EE8-ABD8-1195AA5BB0E3}"
EndProject
Project("{9A19103F-16F7-4668-BE54-9A1E7A4F7556}") = "StudentTests", "StudentTests\StudentTests.csproj", "{2AC935E9-DD08-43EA-99E6-14FE3B723693}"
EndProject
Project("{FAE04EC0-301F-11D3-BF4B-00C04F79EFBC}") = "Study.BinaryTree.UnitTests", "Study.BinaryTree.UnitTests\Study.BinaryTree.UnitTests.csproj", "{A937E8F8-0469-4323-A5D0-F40927735B6A}"
EndProject
Global
	GlobalSection(SolutionConfigurationPlatforms) = preSolution
		Debug|Any CPU = Debug|Any CPU
		Release|Any CPU = Release|Any CPU
	EndGlobalSection
	GlobalSection(ProjectConfigurationPlatforms) = postSolution
		{1EB49DB8-87BF-42FF-AA6E-B5E4C2CA8909}.Debug|Any CPU.ActiveCfg = Debug|Any CPU
		{1EB49DB8-87BF-42FF-AA6E-B5E4C2CA8909}.Debug|Any CPU.Build.0 = Debug|Any CPU
		{1EB49DB8-87BF-42FF-AA6E-B5E4C2CA8909}.Release|Any CPU.ActiveCfg = Release|Any CPU
		{1EB49DB8-87BF-42FF-AA6E-B5E4C2CA8909}.Release|Any CPU.Build.0 = Release|Any CPU
		{1BBB7958-601D-4EE8-ABD8-1195AA5BB0E3}.Debug|Any CPU.ActiveCfg = Debug|Any CPU
		{1BBB7958-601D-4EE8-ABD8-1195AA5BB0E3}.Debug|Any CPU.Build.0 = Debug|Any CPU
		{1BBB7958-601D-4EE8-ABD8-1195AA5BB0E3}.Release|Any CPU.ActiveCfg = Release|Any CPU
		{1BBB7958-601D-4EE8-ABD8-1195AA5BB0E3}.Release|Any CPU.Build.0 = Release|Any CPU
		{2AC935E9-DD08-43EA-99E6-14FE3B723693}.Debug|Any CPU.ActiveCfg = Debug|Any CPU
		{2AC935E9-DD08-43EA-99E6-14FE3B723693}.Debug|Any CPU.Build.0 = Debug|Any CPU
		{2AC935E9-DD08-43EA-99E6-14FE3B723693}.Release|Any CPU.ActiveCfg = Release|Any CPU
		{2AC935E9-DD08-43EA-99E6-14FE3B723693}.Release|Any CPU.Build.0 = Release|Any CPU
		{A937E8F8-0469-4323-A5D0-F40927735B6A}.Debug|Any CPU.ActiveCfg = Debug|Any CPU
		{A937E8F8-0469-4323-A5D0-F40927735B6A}.Debug|Any CPU.Build.0 = Debug|Any CPU
		{A937E8F8-0469-4323-A5D0-F40927735B6A}.Release|Any CPU.ActiveCfg = Release|Any CPU
		{A937E8F8-0469-4323-A5D0-F40927735B6A}.Release|Any CPU.Build.0 = Release|Any CPU
	EndGlobalSection
	GlobalSection(SolutionProperties) = preSolution
		HideSolutionNode = FALSE
	EndGlobalSection
	GlobalSection(ExtensibilityGlobals) = postSolution
		SolutionGuid = {A55E9AEB-7EB7-4C13-971A-04B8906DFEBB}
	EndGlobalSection
EndGlobal
